
Microsoft Visual Studio Solution File, Format Version 12.00
# Visual Studio Version 16
VisualStudioVersion = 25.0.1703.8
MinimumVisualStudioVersion = 10.0.40219.1
Project("{FAE04EC0-301F-11D3-BF4B-00C04F79EFBC}") = "Calculator", "Calculator.csproj", "{4B69523B-8B39-420B-952A-28A10A3EC266}"
EndProject
Global
	GlobalSection(SolutionConfigurationPlatforms) = preSolution
		Debug|Any CPU = Debug|Any CPU
		Release|Any CPU = Release|Any CPU
	EndGlobalSection
	GlobalSection(ProjectConfigurationPlatforms) = postSolution
		{4B69523B-8B39-420B-952A-28A10A3EC266}.Debug|Any CPU.ActiveCfg = Debug|Any CPU
		{4B69523B-8B39-420B-952A-28A10A3EC266}.Debug|Any CPU.Build.0 = Debug|Any CPU
		{4B69523B-8B39-420B-952A-28A10A3EC266}.Release|Any CPU.ActiveCfg = Release|Any CPU
		{4B69523B-8B39-420B-952A-28A10A3EC266}.Release|Any CPU.Build.0 = Release|Any CPU
	EndGlobalSection
	GlobalSection(SolutionProperties) = preSolution
		HideSolutionNode = FALSE
	EndGlobalSection
	GlobalSection(ExtensibilityGlobals) = postSolution
		SolutionGuid = {0B33677E-4BBC-4DC9-9FBD-3436BBA62D45}
	EndGlobalSection
EndGlobal
